
Microsoft Visual Studio Solution File, Format Version 12.00
# Visual Studio Version 18
VisualStudioVersion = 18.0.11222.15
MinimumVisualStudioVersion = 10.0.40219.1
Project("{9A19103F-16F7-4668-BE54-9A1E7A4F7556}") = "projet", "projet\projet.csproj", "{4198F66A-2BE8-4D5F-BD21-B226E77E3582}"
EndProject
Project("{FAE04EC0-301F-11D3-BF4B-00C04F79EFBC}") = "metiers", "metiers\metiers.csproj", "{C1B43BC1-F1DF-4FE3-9AE7-1D84A80D7F68}"
EndProject
Project("{FAE04EC0-301F-11D3-BF4B-00C04F79EFBC}") = "front", "front\front.csproj", "{973C0064-02DC-411C-BF34-FB3F3ADE3A3C}"
EndProject
Project("{FAE04EC0-301F-11D3-BF4B-00C04F79EFBC}") = "metiers.shared", "metiers.shared\metiers.shared.csproj", "{9EE17D17-4A54-43E9-9EA2-1FCF001DF5A5}"
EndProject
Global
	GlobalSection(SolutionConfigurationPlatforms) = preSolution
		Debug|Any CPU = Debug|Any CPU
		Debug|x64 = Debug|x64
		Debug|x86 = Debug|x86
		Release|Any CPU = Release|Any CPU
		Release|x64 = Release|x64
		Release|x86 = Release|x86
	EndGlobalSection
	GlobalSection(ProjectConfigurationPlatforms) = postSolution
		{4198F66A-2BE8-4D5F-BD21-B226E77E3582}.Debug|Any CPU.ActiveCfg = Debug|Any CPU
		{4198F66A-2BE8-4D5F-BD21-B226E77E3582}.Debug|Any CPU.Build.0 = Debug|Any CPU
		{4198F66A-2BE8-4D5F-BD21-B226E77E3582}.Debug|x64.ActiveCfg = Debug|Any CPU
		{4198F66A-2BE8-4D5F-BD21-B226E77E3582}.Debug|x64.Build.0 = Debug|Any CPU
		{4198F66A-2BE8-4D5F-BD21-B226E77E3582}.Debug|x86.ActiveCfg = Debug|Any CPU
		{4198F66A-2BE8-4D5F-BD21-B226E77E3582}.Debug|x86.Build.0 = Debug|Any CPU
		{4198F66A-2BE8-4D5F-BD21-B226E77E3582}.Release|Any CPU.ActiveCfg = Release|Any CPU
		{4198F66A-2BE8-4D5F-BD21-B226E77E3582}.Release|Any CPU.Build.0 = Release|Any CPU
		{4198F66A-2BE8-4D5F-BD21-B226E77E3582}.Release|x64.ActiveCfg = Release|Any CPU
		{4198F66A-2BE8-4D5F-BD21-B226E77E3582}.Release|x64.Build.0 = Release|Any CPU
		{4198F66A-2BE8-4D5F-BD21-B226E77E3582}.Release|x86.ActiveCfg = Release|Any CPU
		{4198F66A-2BE8-4D5F-BD21-B226E77E3582}.Release|x86.Build.0 = Release|Any CPU
		{C1B43BC1-F1DF-4FE3-9AE7-1D84A80D7F68}.Debug|Any CPU.ActiveCfg = Debug|Any CPU
		{C1B43BC1-F1DF-4FE3-9AE7-1D84A80D7F68}.Debug|Any CPU.Build.0 = Debug|Any CPU
		{C1B43BC1-F1DF-4FE3-9AE7-1D84A80D7F68}.Debug|x64.ActiveCfg = Debug|Any CPU
		{C1B43BC1-F1DF-4FE3-9AE7-1D84A80D7F68}.Debug|x64.Build.0 = Debug|Any CPU
		{C1B43BC1-F1DF-4FE3-9AE7-1D84A80D7F68}.Debug|x86.ActiveCfg = Debug|Any CPU
		{C1B43BC1-F1DF-4FE3-9AE7-1D84A80D7F68}.Debug|x86.Build.0 = Debug|Any CPU
		{C1B43BC1-F1DF-4FE3-9AE7-1D84A80D7F68}.Release|Any CPU.ActiveCfg = Release|Any CPU
		{C1B43BC1-F1DF-4FE3-9AE7-1D84A80D7F68}.Release|Any CPU.Build.0 = Release|Any CPU
		{C1B43BC1-F1DF-4FE3-9AE7-1D84A80D7F68}.Release|x64.ActiveCfg = Release|Any CPU
		{C1B43BC1-F1DF-4FE3-9AE7-1D84A80D7F68}.Release|x64.Build.0 = Release|Any CPU
		{C1B43BC1-F1DF-4FE3-9AE7-1D84A80D7F68}.Release|x86.ActiveCfg = Release|Any CPU
		{C1B43BC1-F1DF-4FE3-9AE7-1D84A80D7F68}.Release|x86.Build.0 = Release|Any CPU
		{973C0064-02DC-411C-BF34-FB3F3ADE3A3C}.Debug|Any CPU.ActiveCfg = Debug|Any CPU
		{973C0064-02DC-411C-BF34-FB3F3ADE3A3C}.Debug|Any CPU.Build.0 = Debug|Any CPU
		{973C0064-02DC-411C-BF34-FB3F3ADE3A3C}.Debug|x64.ActiveCfg = Debug|Any CPU
		{973C0064-02DC-411C-BF34-FB3F3ADE3A3C}.Debug|x64.Build.0 = Debug|Any CPU
		{973C0064-02DC-411C-BF34-FB3F3ADE3A3C}.Debug|x86.ActiveCfg = Debug|Any CPU
		{973C0064-02DC-411C-BF34-FB3F3ADE3A3C}.Debug|x86.Build.0 = Debug|Any CPU
		{973C0064-02DC-411C-BF34-FB3F3ADE3A3C}.Release|Any CPU.ActiveCfg = Release|Any CPU
		{973C0064-02DC-411C-BF34-FB3F3ADE3A3C}.Release|Any CPU.Build.0 = Release|Any CPU
		{973C0064-02DC-411C-BF34-FB3F3ADE3A3C}.Release|x64.ActiveCfg = Release|Any CPU
		{973C0064-02DC-411C-BF34-FB3F3ADE3A3C}.Release|x64.Build.0 = Release|Any CPU
		{973C0064-02DC-411C-BF34-FB3F3ADE3A3C}.Release|x86.ActiveCfg = Release|Any CPU
		{973C0064-02DC-411C-BF34-FB3F3ADE3A3C}.Release|x86.Build.0 = Release|Any CPU
		{9EE17D17-4A54-43E9-9EA2-1FCF001DF5A5}.Debug|Any CPU.ActiveCfg = Debug|Any CPU
		{9EE17D17-4A54-43E9-9EA2-1FCF001DF5A5}.Debug|Any CPU.Build.0 = Debug|Any CPU
		{9EE17D17-4A54-43E9-9EA2-1FCF001DF5A5}.Debug|x64.ActiveCfg = Debug|Any CPU
		{9EE17D17-4A54-43E9-9EA2-1FCF001DF5A5}.Debug|x64.Build.0 = Debug|Any CPU
		{9EE17D17-4A54-43E9-9EA2-1FCF001DF5A5}.Debug|x86.ActiveCfg = Debug|Any CPU
		{9EE17D17-4A54-43E9-9EA2-1FCF001DF5A5}.Debug|x86.Build.0 = Debug|Any CPU
		{9EE17D17-4A54-43E9-9EA2-1FCF001DF5A5}.Release|Any CPU.ActiveCfg = Release|Any CPU
		{9EE17D17-4A54-43E9-9EA2-1FCF001DF5A5}.Release|Any CPU.Build.0 = Release|Any CPU
		{9EE17D17-4A54-43E9-9EA2-1FCF001DF5A5}.Release|x64.ActiveCfg = Release|Any CPU
		{9EE17D17-4A54-43E9-9EA2-1FCF001DF5A5}.Release|x64.Build.0 = Release|Any CPU
		{9EE17D17-4A54-43E9-9EA2-1FCF001DF5A5}.Release|x86.ActiveCfg = Release|Any CPU
		{9EE17D17-4A54-43E9-9EA2-1FCF001DF5A5}.Release|x86.Build.0 = Release|Any CPU
	EndGlobalSection
	GlobalSection(SolutionProperties) = preSolution
		HideSolutionNode = FALSE
	EndGlobalSection
	GlobalSection(ExtensibilityGlobals) = postSolution
		SolutionGuid = {DBD49026-D34B-49A2-8448-04CB0F160F7B}
	EndGlobalSection
EndGlobal
